// !$*UTF8*$!
{
	archiveVersion = 1;
	classes = {
	};
	objectVersion = 55;
	objects = {

/* Begin PBXBuildFile section */
		CF8176CC28A2BA1C00C1E9BB /* ios-challenge-words-booster.json in Resources */ = {isa = PBXBuildFile; fileRef = CF8176CB28A2BA1C00C1E9BB /* ios-challenge-words-booster.json */; };
		CF8176CF28A2BD7C00C1E9BB /* Error.swift in Sources */ = {isa = PBXBuildFile; fileRef = CF8176CE28A2BD7C00C1E9BB /* Error.swift */; };
		CF8176D728A2DE2900C1E9BB /* CategoryRouter.swift in Sources */ = {isa = PBXBuildFile; fileRef = CF8176D628A2DE2900C1E9BB /* CategoryRouter.swift */; };
		CF8176DB28A2DE4B00C1E9BB /* CategoryProtocols.swift in Sources */ = {isa = PBXBuildFile; fileRef = CF8176DA28A2DE4B00C1E9BB /* CategoryProtocols.swift */; };
		CF8176DD28A2DF9900C1E9BB /* CategoryInteractor.swift in Sources */ = {isa = PBXBuildFile; fileRef = CF8176DC28A2DF9900C1E9BB /* CategoryInteractor.swift */; };
		CF8176DF28A2E17200C1E9BB /* CategoryPresenter.swift in Sources */ = {isa = PBXBuildFile; fileRef = CF8176DE28A2E17200C1E9BB /* CategoryPresenter.swift */; };
		CF8176E128A2E54C00C1E9BB /* CategoryBuilder.swift in Sources */ = {isa = PBXBuildFile; fileRef = CF8176E028A2E54C00C1E9BB /* CategoryBuilder.swift */; };
		CF8176E328A2FDD400C1E9BB /* CategoryViewState.swift in Sources */ = {isa = PBXBuildFile; fileRef = CF8176E228A2FDD400C1E9BB /* CategoryViewState.swift */; };
		CF8176E528A2FF6D00C1E9BB /* CategoryTableViewProvider.swift in Sources */ = {isa = PBXBuildFile; fileRef = CF8176E428A2FF6D00C1E9BB /* CategoryTableViewProvider.swift */; };
		CF8176EC28A3015200C1E9BB /* CategoryCell.swift in Sources */ = {isa = PBXBuildFile; fileRef = CF8176EA28A3015200C1E9BB /* CategoryCell.swift */; };
		CF8176ED28A3015300C1E9BB /* CategoryCell.xib in Resources */ = {isa = PBXBuildFile; fileRef = CF8176EB28A3015200C1E9BB /* CategoryCell.xib */; };
		CF8176EF28A3063700C1E9BB /* ImageLoader.swift in Sources */ = {isa = PBXBuildFile; fileRef = CF8176EE28A3063700C1E9BB /* ImageLoader.swift */; };
		CF8176F928A3B52100C1E9BB /* FactViewController.swift in Sources */ = {isa = PBXBuildFile; fileRef = CF8176F728A3B52100C1E9BB /* FactViewController.swift */; };
		CF8176FA28A3B52100C1E9BB /* FactViewController.xib in Resources */ = {isa = PBXBuildFile; fileRef = CF8176F828A3B52100C1E9BB /* FactViewController.xib */; };
		CF8176FD28A3B54600C1E9BB /* FactPresenter.swift in Sources */ = {isa = PBXBuildFile; fileRef = CF8176FC28A3B54600C1E9BB /* FactPresenter.swift */; };
		CF8176FF28A3B55700C1E9BB /* FactViewState.swift in Sources */ = {isa = PBXBuildFile; fileRef = CF8176FE28A3B55700C1E9BB /* FactViewState.swift */; };
		CF81770128A3B64800C1E9BB /* FactBuilder.swift in Sources */ = {isa = PBXBuildFile; fileRef = CF81770028A3B64800C1E9BB /* FactBuilder.swift */; };
		CF81770328A3B7A600C1E9BB /* FactEntity.swift in Sources */ = {isa = PBXBuildFile; fileRef = CF81770228A3B7A600C1E9BB /* FactEntity.swift */; };
		CF81770528A3B7F800C1E9BB /* FactInteractor.swift in Sources */ = {isa = PBXBuildFile; fileRef = CF81770428A3B7F800C1E9BB /* FactInteractor.swift */; };
		CF81770728A3B89100C1E9BB /* FactRouter.swift in Sources */ = {isa = PBXBuildFile; fileRef = CF81770628A3B89100C1E9BB /* FactRouter.swift */; };
		CF81770928A3B8F400C1E9BB /* FactProtocols.swift in Sources */ = {isa = PBXBuildFile; fileRef = CF81770828A3B8F400C1E9BB /* FactProtocols.swift */; };
		CFC277A728A26A4C0079B211 /* ImageAssets.xcassets in Resources */ = {isa = PBXBuildFile; fileRef = CFC277A528A26A4B0079B211 /* ImageAssets.xcassets */; };
		CFC277A828A26A4C0079B211 /* ColorAssets.xcassets in Resources */ = {isa = PBXBuildFile; fileRef = CFC277A628A26A4C0079B211 /* ColorAssets.xcassets */; };
		CFC277AF28A26B210079B211 /* APIService.swift in Sources */ = {isa = PBXBuildFile; fileRef = CFC277AE28A26B210079B211 /* APIService.swift */; };
		CFC277B228A26B8B0079B211 /* CategoryModel.swift in Sources */ = {isa = PBXBuildFile; fileRef = CFC277B128A26B8B0079B211 /* CategoryModel.swift */; };
		CFC277B428A26B950079B211 /* FactModel.swift in Sources */ = {isa = PBXBuildFile; fileRef = CFC277B328A26B950079B211 /* FactModel.swift */; };
		CFC277B728A273030079B211 /* LoadingView.swift in Sources */ = {isa = PBXBuildFile; fileRef = CFC277B628A273030079B211 /* LoadingView.swift */; };
		CFC5716728A25B26004A3958 /* AppDelegate.swift in Sources */ = {isa = PBXBuildFile; fileRef = CFC5716628A25B26004A3958 /* AppDelegate.swift */; };
		CFC5716928A25B26004A3958 /* SceneDelegate.swift in Sources */ = {isa = PBXBuildFile; fileRef = CFC5716828A25B26004A3958 /* SceneDelegate.swift */; };
		CFC5716B28A25B26004A3958 /* CategoryViewController.swift in Sources */ = {isa = PBXBuildFile; fileRef = CFC5716A28A25B26004A3958 /* CategoryViewController.swift */; };
		CFC5716E28A25B26004A3958 /* Main.storyboard in Resources */ = {isa = PBXBuildFile; fileRef = CFC5716C28A25B26004A3958 /* Main.storyboard */; };
		CFC5717328A25B28004A3958 /* LaunchScreen.storyboard in Resources */ = {isa = PBXBuildFile; fileRef = CFC5717128A25B28004A3958 /* LaunchScreen.storyboard */; };
/* End PBXBuildFile section */

/* Begin PBXFileReference section */
		CF8176CB28A2BA1C00C1E9BB /* ios-challenge-words-booster.json */ = {isa = PBXFileReference; fileEncoding = 4; lastKnownFileType = text.json; path = "ios-challenge-words-booster.json"; sourceTree = "<group>"; };
		CF8176CE28A2BD7C00C1E9BB /* Error.swift */ = {isa = PBXFileReference; lastKnownFileType = sourcecode.swift; path = Error.swift; sourceTree = "<group>"; };
		CF8176D628A2DE2900C1E9BB /* CategoryRouter.swift */ = {isa = PBXFileReference; lastKnownFileType = sourcecode.swift; path = CategoryRouter.swift; sourceTree = "<group>"; };
		CF8176DA28A2DE4B00C1E9BB /* CategoryProtocols.swift */ = {isa = PBXFileReference; lastKnownFileType = sourcecode.swift; path = CategoryProtocols.swift; sourceTree = "<group>"; };
		CF8176DC28A2DF9900C1E9BB /* CategoryInteractor.swift */ = {isa = PBXFileReference; lastKnownFileType = sourcecode.swift; path = CategoryInteractor.swift; sourceTree = "<group>"; };
		CF8176DE28A2E17200C1E9BB /* CategoryPresenter.swift */ = {isa = PBXFileReference; lastKnownFileType = sourcecode.swift; path = CategoryPresenter.swift; sourceTree = "<group>"; };
		CF8176E028A2E54C00C1E9BB /* CategoryBuilder.swift */ = {isa = PBXFileReference; lastKnownFileType = sourcecode.swift; path = CategoryBuilder.swift; sourceTree = "<group>"; };
		CF8176E228A2FDD400C1E9BB /* CategoryViewState.swift */ = {isa = PBXFileReference; lastKnownFileType = sourcecode.swift; path = CategoryViewState.swift; sourceTree = "<group>"; };
		CF8176E428A2FF6D00C1E9BB /* CategoryTableViewProvider.swift */ = {isa = PBXFileReference; lastKnownFileType = sourcecode.swift; path = CategoryTableViewProvider.swift; sourceTree = "<group>"; };
		CF8176EA28A3015200C1E9BB /* CategoryCell.swift */ = {isa = PBXFileReference; lastKnownFileType = sourcecode.swift; path = CategoryCell.swift; sourceTree = "<group>"; };
		CF8176EB28A3015200C1E9BB /* CategoryCell.xib */ = {isa = PBXFileReference; lastKnownFileType = file.xib; path = CategoryCell.xib; sourceTree = "<group>"; };
		CF8176EE28A3063700C1E9BB /* ImageLoader.swift */ = {isa = PBXFileReference; lastKnownFileType = sourcecode.swift; path = ImageLoader.swift; sourceTree = "<group>"; };
		CF8176F728A3B52100C1E9BB /* FactViewController.swift */ = {isa = PBXFileReference; lastKnownFileType = sourcecode.swift; path = FactViewController.swift; sourceTree = "<group>"; };
		CF8176F828A3B52100C1E9BB /* FactViewController.xib */ = {isa = PBXFileReference; lastKnownFileType = file.xib; path = FactViewController.xib; sourceTree = "<group>"; };
		CF8176FC28A3B54600C1E9BB /* FactPresenter.swift */ = {isa = PBXFileReference; lastKnownFileType = sourcecode.swift; path = FactPresenter.swift; sourceTree = "<group>"; };
		CF8176FE28A3B55700C1E9BB /* FactViewState.swift */ = {isa = PBXFileReference; lastKnownFileType = sourcecode.swift; path = FactViewState.swift; sourceTree = "<group>"; };
		CF81770028A3B64800C1E9BB /* FactBuilder.swift */ = {isa = PBXFileReference; lastKnownFileType = sourcecode.swift; path = FactBuilder.swift; sourceTree = "<group>"; };
		CF81770228A3B7A600C1E9BB /* FactEntity.swift */ = {isa = PBXFileReference; lastKnownFileType = sourcecode.swift; path = FactEntity.swift; sourceTree = "<group>"; };
		CF81770428A3B7F800C1E9BB /* FactInteractor.swift */ = {isa = PBXFileReference; lastKnownFileType = sourcecode.swift; path = FactInteractor.swift; sourceTree = "<group>"; };
		CF81770628A3B89100C1E9BB /* FactRouter.swift */ = {isa = PBXFileReference; lastKnownFileType = sourcecode.swift; path = FactRouter.swift; sourceTree = "<group>"; };
		CF81770828A3B8F400C1E9BB /* FactProtocols.swift */ = {isa = PBXFileReference; lastKnownFileType = sourcecode.swift; path = FactProtocols.swift; sourceTree = "<group>"; };
		CFC277A528A26A4B0079B211 /* ImageAssets.xcassets */ = {isa = PBXFileReference; lastKnownFileType = folder.assetcatalog; path = ImageAssets.xcassets; sourceTree = "<group>"; };
		CFC277A628A26A4C0079B211 /* ColorAssets.xcassets */ = {isa = PBXFileReference; lastKnownFileType = folder.assetcatalog; path = ColorAssets.xcassets; sourceTree = "<group>"; };
		CFC277AE28A26B210079B211 /* APIService.swift */ = {isa = PBXFileReference; lastKnownFileType = sourcecode.swift; path = APIService.swift; sourceTree = "<group>"; };
		CFC277B128A26B8B0079B211 /* CategoryModel.swift */ = {isa = PBXFileReference; lastKnownFileType = sourcecode.swift; path = CategoryModel.swift; sourceTree = "<group>"; };
		CFC277B328A26B950079B211 /* FactModel.swift */ = {isa = PBXFileReference; lastKnownFileType = sourcecode.swift; path = FactModel.swift; sourceTree = "<group>"; };
		CFC277B628A273030079B211 /* LoadingView.swift */ = {isa = PBXFileReference; lastKnownFileType = sourcecode.swift; path = LoadingView.swift; sourceTree = "<group>"; };
		CFC5716328A25B26004A3958 /* BoosterTestTask.app */ = {isa = PBXFileReference; explicitFileType = wrapper.application; includeInIndex = 0; path = BoosterTestTask.app; sourceTree = BUILT_PRODUCTS_DIR; };
		CFC5716628A25B26004A3958 /* AppDelegate.swift */ = {isa = PBXFileReference; lastKnownFileType = sourcecode.swift; path = AppDelegate.swift; sourceTree = "<group>"; };
		CFC5716828A25B26004A3958 /* SceneDelegate.swift */ = {isa = PBXFileReference; lastKnownFileType = sourcecode.swift; path = SceneDelegate.swift; sourceTree = "<group>"; };
		CFC5716A28A25B26004A3958 /* CategoryViewController.swift */ = {isa = PBXFileReference; lastKnownFileType = sourcecode.swift; path = CategoryViewController.swift; sourceTree = "<group>"; };
		CFC5716D28A25B26004A3958 /* Base */ = {isa = PBXFileReference; lastKnownFileType = file.storyboard; name = Base; path = Base.lproj/Main.storyboard; sourceTree = "<group>"; };
		CFC5717228A25B28004A3958 /* Base */ = {isa = PBXFileReference; lastKnownFileType = file.storyboard; name = Base; path = Base.lproj/LaunchScreen.storyboard; sourceTree = "<group>"; };
		CFC5717428A25B28004A3958 /* Info.plist */ = {isa = PBXFileReference; lastKnownFileType = text.plist.xml; path = Info.plist; sourceTree = "<group>"; };
/* End PBXFileReference section */

/* Begin PBXFrameworksBuildPhase section */
		CFC5716028A25B26004A3958 /* Frameworks */ = {
			isa = PBXFrameworksBuildPhase;
			buildActionMask = 2147483647;
			files = (
			);
			runOnlyForDeploymentPostprocessing = 0;
		};
/* End PBXFrameworksBuildPhase section */

/* Begin PBXGroup section */
		CF8176CA28A2BA0200C1E9BB /* Misc */ = {
			isa = PBXGroup;
			children = (
				CF8176CB28A2BA1C00C1E9BB /* ios-challenge-words-booster.json */,
			);
			path = Misc;
			sourceTree = "<group>";
		};
		CF8176CD28A2BD7000C1E9BB /* Error */ = {
			isa = PBXGroup;
			children = (
				CF8176CE28A2BD7C00C1E9BB /* Error.swift */,
			);
			path = Error;
			sourceTree = "<group>";
		};
		CF8176D028A2DDD900C1E9BB /* Category */ = {
			isa = PBXGroup;
			children = (
				CF8176D828A2DE3500C1E9BB /* Protocols */,
				CF8176D128A2DDE600C1E9BB /* View */,
				CF8176D228A2DDEF00C1E9BB /* Interactor */,
				CF8176D328A2DDFE00C1E9BB /* Presenter */,
				CF8176D428A2DE0600C1E9BB /* Entity */,
				CF8176D528A2DE1000C1E9BB /* Router */,
			);
			path = Category;
			sourceTree = "<group>";
		};
		CF8176D128A2DDE600C1E9BB /* View */ = {
			isa = PBXGroup;
			children = (
				CF8176E828A3012700C1E9BB /* Cells */,
				CFC5716A28A25B26004A3958 /* CategoryViewController.swift */,
			);
			path = View;
			sourceTree = "<group>";
		};
		CF8176D228A2DDEF00C1E9BB /* Interactor */ = {
			isa = PBXGroup;
			children = (
				CF8176DC28A2DF9900C1E9BB /* CategoryInteractor.swift */,
			);
			path = Interactor;
			sourceTree = "<group>";
		};
		CF8176D328A2DDFE00C1E9BB /* Presenter */ = {
			isa = PBXGroup;
			children = (
				CF8176DE28A2E17200C1E9BB /* CategoryPresenter.swift */,
				CF8176E428A2FF6D00C1E9BB /* CategoryTableViewProvider.swift */,
			);
			path = Presenter;
			sourceTree = "<group>";
		};
		CF8176D428A2DE0600C1E9BB /* Entity */ = {
			isa = PBXGroup;
			children = (
				CF8176E228A2FDD400C1E9BB /* CategoryViewState.swift */,
			);
			path = Entity;
			sourceTree = "<group>";
		};
		CF8176D528A2DE1000C1E9BB /* Router */ = {
			isa = PBXGroup;
			children = (
				CF8176D628A2DE2900C1E9BB /* CategoryRouter.swift */,
				CF8176E028A2E54C00C1E9BB /* CategoryBuilder.swift */,
			);
			path = Router;
			sourceTree = "<group>";
		};
		CF8176D828A2DE3500C1E9BB /* Protocols */ = {
			isa = PBXGroup;
			children = (
				CF8176DA28A2DE4B00C1E9BB /* CategoryProtocols.swift */,
			);
			path = Protocols;
			sourceTree = "<group>";
		};
		CF8176E828A3012700C1E9BB /* Cells */ = {
			isa = PBXGroup;
			children = (
				CF8176E928A3013900C1E9BB /* CategoryCell */,
			);
			path = Cells;
			sourceTree = "<group>";
		};
		CF8176E928A3013900C1E9BB /* CategoryCell */ = {
			isa = PBXGroup;
			children = (
				CF8176EA28A3015200C1E9BB /* CategoryCell.swift */,
				CF8176EB28A3015200C1E9BB /* CategoryCell.xib */,
			);
			path = CategoryCell;
			sourceTree = "<group>";
		};
		CF8176F028A3B42900C1E9BB /* Fact */ = {
			isa = PBXGroup;
			children = (
				CF8176F628A3B4FE00C1E9BB /* Protocols */,
				CF8176F128A3B43B00C1E9BB /* View */,
				CF8176F328A3B45C00C1E9BB /* Interactor */,
				CF8176F228A3B44200C1E9BB /* Presenter */,
				CF8176F428A3B46300C1E9BB /* Entity */,
				CF8176F528A3B49D00C1E9BB /* Router */,
			);
			path = Fact;
			sourceTree = "<group>";
		};
		CF8176F128A3B43B00C1E9BB /* View */ = {
			isa = PBXGroup;
			children = (
				CF8176FB28A3B52A00C1E9BB /* Cells */,
				CF8176F728A3B52100C1E9BB /* FactViewController.swift */,
				CF8176F828A3B52100C1E9BB /* FactViewController.xib */,
			);
			path = View;
			sourceTree = "<group>";
		};
		CF8176F228A3B44200C1E9BB /* Presenter */ = {
			isa = PBXGroup;
			children = (
				CF8176FC28A3B54600C1E9BB /* FactPresenter.swift */,
			);
			path = Presenter;
			sourceTree = "<group>";
		};
		CF8176F328A3B45C00C1E9BB /* Interactor */ = {
			isa = PBXGroup;
			children = (
				CF81770428A3B7F800C1E9BB /* FactInteractor.swift */,
			);
			path = Interactor;
			sourceTree = "<group>";
		};
		CF8176F428A3B46300C1E9BB /* Entity */ = {
			isa = PBXGroup;
			children = (
				CF8176FE28A3B55700C1E9BB /* FactViewState.swift */,
				CF81770228A3B7A600C1E9BB /* FactEntity.swift */,
			);
			path = Entity;
			sourceTree = "<group>";
		};
		CF8176F528A3B49D00C1E9BB /* Router */ = {
			isa = PBXGroup;
			children = (
				CF81770028A3B64800C1E9BB /* FactBuilder.swift */,
				CF81770628A3B89100C1E9BB /* FactRouter.swift */,
			);
			path = Router;
			sourceTree = "<group>";
		};
		CF8176F628A3B4FE00C1E9BB /* Protocols */ = {
			isa = PBXGroup;
			children = (
				CF81770828A3B8F400C1E9BB /* FactProtocols.swift */,
			);
			path = Protocols;
			sourceTree = "<group>";
		};
		CF8176FB28A3B52A00C1E9BB /* Cells */ = {
			isa = PBXGroup;
			children = (
			);
			path = Cells;
			sourceTree = "<group>";
		};
		CFC277A328A269560079B211 /* Resources */ = {
			isa = PBXGroup;
			children = (
				CFC277A628A26A4C0079B211 /* ColorAssets.xcassets */,
				CFC277A528A26A4B0079B211 /* ImageAssets.xcassets */,
			);
			path = Resources;
			sourceTree = "<group>";
		};
		CFC277A928A26A760079B211 /* Common */ = {
			isa = PBXGroup;
			children = (
				CFC5716628A25B26004A3958 /* AppDelegate.swift */,
				CFC5716828A25B26004A3958 /* SceneDelegate.swift */,
			);
			path = Common;
			sourceTree = "<group>";
		};
		CFC277AA28A26ABE0079B211 /* UI */ = {
			isa = PBXGroup;
			children = (
				CF8176F028A3B42900C1E9BB /* Fact */,
				CF8176D028A2DDD900C1E9BB /* Category */,
				CFC5716C28A25B26004A3958 /* Main.storyboard */,
				CFC5717128A25B28004A3958 /* LaunchScreen.storyboard */,
			);
			path = UI;
			sourceTree = "<group>";
		};
		CFC277AB28A26AC80079B211 /* API */ = {
			isa = PBXGroup;
			children = (
				CF8176CD28A2BD7000C1E9BB /* Error */,
				CFC277AD28A26B0E0079B211 /* Model */,
				CFC277AC28A26B080079B211 /* Service */,
			);
			path = API;
			sourceTree = "<group>";
		};
		CFC277AC28A26B080079B211 /* Service */ = {
			isa = PBXGroup;
			children = (
				CFC277AE28A26B210079B211 /* APIService.swift */,
			);
			path = Service;
			sourceTree = "<group>";
		};
		CFC277AD28A26B0E0079B211 /* Model */ = {
			isa = PBXGroup;
			children = (
				CFC277B128A26B8B0079B211 /* CategoryModel.swift */,
				CFC277B328A26B950079B211 /* FactModel.swift */,
			);
			path = Model;
			sourceTree = "<group>";
		};
		CFC277B528A272F00079B211 /* Utilities */ = {
			isa = PBXGroup;
			children = (
				CFC277B628A273030079B211 /* LoadingView.swift */,
				CF8176EE28A3063700C1E9BB /* ImageLoader.swift */,
			);
			path = Utilities;
			sourceTree = "<group>";
		};
		CFC5715A28A25B26004A3958 = {
			isa = PBXGroup;
			children = (
				CFC5716528A25B26004A3958 /* BoosterTestTask */,
				CFC5716428A25B26004A3958 /* Products */,
			);
			sourceTree = "<group>";
		};
		CFC5716428A25B26004A3958 /* Products */ = {
			isa = PBXGroup;
			children = (
				CFC5716328A25B26004A3958 /* BoosterTestTask.app */,
			);
			name = Products;
			sourceTree = "<group>";
		};
		CFC5716528A25B26004A3958 /* BoosterTestTask */ = {
			isa = PBXGroup;
			children = (
				CFC277AB28A26AC80079B211 /* API */,
				CFC277AA28A26ABE0079B211 /* UI */,
				CFC277A928A26A760079B211 /* Common */,
				CFC277A328A269560079B211 /* Resources */,
				CFC277B528A272F00079B211 /* Utilities */,
				CF8176CA28A2BA0200C1E9BB /* Misc */,
				CFC5717428A25B28004A3958 /* Info.plist */,
			);
			path = BoosterTestTask;
			sourceTree = "<group>";
		};
/* End PBXGroup section */

/* Begin PBXNativeTarget section */
		CFC5716228A25B26004A3958 /* BoosterTestTask */ = {
			isa = PBXNativeTarget;
			buildConfigurationList = CFC5717728A25B28004A3958 /* Build configuration list for PBXNativeTarget "BoosterTestTask" */;
			buildPhases = (
				CFC5715F28A25B26004A3958 /* Sources */,
				CFC5716028A25B26004A3958 /* Frameworks */,
				CFC5716128A25B26004A3958 /* Resources */,
			);
			buildRules = (
			);
			dependencies = (
			);
			name = BoosterTestTask;
			productName = BoosterTestTask;
			productReference = CFC5716328A25B26004A3958 /* BoosterTestTask.app */;
			productType = "com.apple.product-type.application";
		};
/* End PBXNativeTarget section */

/* Begin PBXProject section */
		CFC5715B28A25B26004A3958 /* Project object */ = {
			isa = PBXProject;
			attributes = {
				BuildIndependentTargetsInParallel = 1;
				LastSwiftUpdateCheck = 1340;
				LastUpgradeCheck = 1340;
				TargetAttributes = {
					CFC5716228A25B26004A3958 = {
						CreatedOnToolsVersion = 13.4.1;
					};
				};
			};
			buildConfigurationList = CFC5715E28A25B26004A3958 /* Build configuration list for PBXProject "BoosterTestTask" */;
			compatibilityVersion = "Xcode 13.0";
			developmentRegion = en;
			hasScannedForEncodings = 0;
			knownRegions = (
				en,
				Base,
			);
			mainGroup = CFC5715A28A25B26004A3958;
			productRefGroup = CFC5716428A25B26004A3958 /* Products */;
			projectDirPath = "";
			projectRoot = "";
			targets = (
				CFC5716228A25B26004A3958 /* BoosterTestTask */,
			);
		};
/* End PBXProject section */

/* Begin PBXResourcesBuildPhase section */
		CFC5716128A25B26004A3958 /* Resources */ = {
			isa = PBXResourcesBuildPhase;
			buildActionMask = 2147483647;
			files = (
				CF8176FA28A3B52100C1E9BB /* FactViewController.xib in Resources */,
				CFC5717328A25B28004A3958 /* LaunchScreen.storyboard in Resources */,
				CF8176ED28A3015300C1E9BB /* CategoryCell.xib in Resources */,
				CFC5716E28A25B26004A3958 /* Main.storyboard in Resources */,
				CFC277A828A26A4C0079B211 /* ColorAssets.xcassets in Resources */,
				CF8176CC28A2BA1C00C1E9BB /* ios-challenge-words-booster.json in Resources */,
				CFC277A728A26A4C0079B211 /* ImageAssets.xcassets in Resources */,
			);
			runOnlyForDeploymentPostprocessing = 0;
		};
/* End PBXResourcesBuildPhase section */

/* Begin PBXSourcesBuildPhase section */
		CFC5715F28A25B26004A3958 /* Sources */ = {
			isa = PBXSourcesBuildPhase;
			buildActionMask = 2147483647;
			files = (
				CF8176FF28A3B55700C1E9BB /* FactViewState.swift in Sources */,
				CF8176F928A3B52100C1E9BB /* FactViewController.swift in Sources */,
				CF8176EC28A3015200C1E9BB /* CategoryCell.swift in Sources */,
				CF8176E328A2FDD400C1E9BB /* CategoryViewState.swift in Sources */,
				CF8176DD28A2DF9900C1E9BB /* CategoryInteractor.swift in Sources */,
				CF8176CF28A2BD7C00C1E9BB /* Error.swift in Sources */,
				CF81770328A3B7A600C1E9BB /* FactEntity.swift in Sources */,
				CF8176E128A2E54C00C1E9BB /* CategoryBuilder.swift in Sources */,
				CF8176FD28A3B54600C1E9BB /* FactPresenter.swift in Sources */,
				CF8176DB28A2DE4B00C1E9BB /* CategoryProtocols.swift in Sources */,
				CF81770728A3B89100C1E9BB /* FactRouter.swift in Sources */,
				CFC5716B28A25B26004A3958 /* CategoryViewController.swift in Sources */,
				CF8176DF28A2E17200C1E9BB /* CategoryPresenter.swift in Sources */,
				CF8176E528A2FF6D00C1E9BB /* CategoryTableViewProvider.swift in Sources */,
				CF81770528A3B7F800C1E9BB /* FactInteractor.swift in Sources */,
				CF8176D728A2DE2900C1E9BB /* CategoryRouter.swift in Sources */,
				CF81770928A3B8F400C1E9BB /* FactProtocols.swift in Sources */,
				CFC277AF28A26B210079B211 /* APIService.swift in Sources */,
				CFC5716728A25B26004A3958 /* AppDelegate.swift in Sources */,
				CFC277B428A26B950079B211 /* FactModel.swift in Sources */,
				CF81770128A3B64800C1E9BB /* FactBuilder.swift in Sources */,
				CF8176EF28A3063700C1E9BB /* ImageLoader.swift in Sources */,
				CFC277B228A26B8B0079B211 /* CategoryModel.swift in Sources */,
				CFC277B728A273030079B211 /* LoadingView.swift in Sources */,
				CFC5716928A25B26004A3958 /* SceneDelegate.swift in Sources */,
			);
			runOnlyForDeploymentPostprocessing = 0;
		};
/* End PBXSourcesBuildPhase section */

/* Begin PBXVariantGroup section */
		CFC5716C28A25B26004A3958 /* Main.storyboard */ = {
			isa = PBXVariantGroup;
			children = (
				CFC5716D28A25B26004A3958 /* Base */,
			);
			name = Main.storyboard;
			sourceTree = "<group>";
		};
		CFC5717128A25B28004A3958 /* LaunchScreen.storyboard */ = {
			isa = PBXVariantGroup;
			children = (
				CFC5717228A25B28004A3958 /* Base */,
			);
			name = LaunchScreen.storyboard;
			sourceTree = "<group>";
		};
/* End PBXVariantGroup section */

/* Begin XCBuildConfiguration section */
		CFC5717528A25B28004A3958 /* Debug */ = {
			isa = XCBuildConfiguration;
			buildSettings = {
				ALWAYS_SEARCH_USER_PATHS = NO;
				CLANG_ANALYZER_NONNULL = YES;
				CLANG_ANALYZER_NUMBER_OBJECT_CONVERSION = YES_AGGRESSIVE;
				CLANG_CXX_LANGUAGE_STANDARD = "gnu++17";
				CLANG_ENABLE_MODULES = YES;
				CLANG_ENABLE_OBJC_ARC = YES;
				CLANG_ENABLE_OBJC_WEAK = YES;
				CLANG_WARN_BLOCK_CAPTURE_AUTORELEASING = YES;
				CLANG_WARN_BOOL_CONVERSION = YES;
				CLANG_WARN_COMMA = YES;
				CLANG_WARN_CONSTANT_CONVERSION = YES;
				CLANG_WARN_DEPRECATED_OBJC_IMPLEMENTATIONS = YES;
				CLANG_WARN_DIRECT_OBJC_ISA_USAGE = YES_ERROR;
				CLANG_WARN_DOCUMENTATION_COMMENTS = YES;
				CLANG_WARN_EMPTY_BODY = YES;
				CLANG_WARN_ENUM_CONVERSION = YES;
				CLANG_WARN_INFINITE_RECURSION = YES;
				CLANG_WARN_INT_CONVERSION = YES;
				CLANG_WARN_NON_LITERAL_NULL_CONVERSION = YES;
				CLANG_WARN_OBJC_IMPLICIT_RETAIN_SELF = YES;
				CLANG_WARN_OBJC_LITERAL_CONVERSION = YES;
				CLANG_WARN_OBJC_ROOT_CLASS = YES_ERROR;
				CLANG_WARN_QUOTED_INCLUDE_IN_FRAMEWORK_HEADER = YES;
				CLANG_WARN_RANGE_LOOP_ANALYSIS = YES;
				CLANG_WARN_STRICT_PROTOTYPES = YES;
				CLANG_WARN_SUSPICIOUS_MOVE = YES;
				CLANG_WARN_UNGUARDED_AVAILABILITY = YES_AGGRESSIVE;
				CLANG_WARN_UNREACHABLE_CODE = YES;
				CLANG_WARN__DUPLICATE_METHOD_MATCH = YES;
				COPY_PHASE_STRIP = NO;
				DEBUG_INFORMATION_FORMAT = dwarf;
				ENABLE_STRICT_OBJC_MSGSEND = YES;
				ENABLE_TESTABILITY = YES;
				GCC_C_LANGUAGE_STANDARD = gnu11;
				GCC_DYNAMIC_NO_PIC = NO;
				GCC_NO_COMMON_BLOCKS = YES;
				GCC_OPTIMIZATION_LEVEL = 0;
				GCC_PREPROCESSOR_DEFINITIONS = (
					"DEBUG=1",
					"$(inherited)",
				);
				GCC_WARN_64_TO_32_BIT_CONVERSION = YES;
				GCC_WARN_ABOUT_RETURN_TYPE = YES_ERROR;
				GCC_WARN_UNDECLARED_SELECTOR = YES;
				GCC_WARN_UNINITIALIZED_AUTOS = YES_AGGRESSIVE;
				GCC_WARN_UNUSED_FUNCTION = YES;
				GCC_WARN_UNUSED_VARIABLE = YES;
				IPHONEOS_DEPLOYMENT_TARGET = 15.5;
				MTL_ENABLE_DEBUG_INFO = INCLUDE_SOURCE;
				MTL_FAST_MATH = YES;
				ONLY_ACTIVE_ARCH = YES;
				SDKROOT = iphoneos;
				SWIFT_ACTIVE_COMPILATION_CONDITIONS = DEBUG;
				SWIFT_OPTIMIZATION_LEVEL = "-Onone";
			};
			name = Debug;
		};
		CFC5717628A25B28004A3958 /* Release */ = {
			isa = XCBuildConfiguration;
			buildSettings = {
				ALWAYS_SEARCH_USER_PATHS = NO;
				CLANG_ANALYZER_NONNULL = YES;
				CLANG_ANALYZER_NUMBER_OBJECT_CONVERSION = YES_AGGRESSIVE;
				CLANG_CXX_LANGUAGE_STANDARD = "gnu++17";
				CLANG_ENABLE_MODULES = YES;
				CLANG_ENABLE_OBJC_ARC = YES;
				CLANG_ENABLE_OBJC_WEAK = YES;
				CLANG_WARN_BLOCK_CAPTURE_AUTORELEASING = YES;
				CLANG_WARN_BOOL_CONVERSION = YES;
				CLANG_WARN_COMMA = YES;
				CLANG_WARN_CONSTANT_CONVERSION = YES;
				CLANG_WARN_DEPRECATED_OBJC_IMPLEMENTATIONS = YES;
				CLANG_WARN_DIRECT_OBJC_ISA_USAGE = YES_ERROR;
				CLANG_WARN_DOCUMENTATION_COMMENTS = YES;
				CLANG_WARN_EMPTY_BODY = YES;
				CLANG_WARN_ENUM_CONVERSION = YES;
				CLANG_WARN_INFINITE_RECURSION = YES;
				CLANG_WARN_INT_CONVERSION = YES;
				CLANG_WARN_NON_LITERAL_NULL_CONVERSION = YES;
				CLANG_WARN_OBJC_IMPLICIT_RETAIN_SELF = YES;
				CLANG_WARN_OBJC_LITERAL_CONVERSION = YES;
				CLANG_WARN_OBJC_ROOT_CLASS = YES_ERROR;
				CLANG_WARN_QUOTED_INCLUDE_IN_FRAMEWORK_HEADER = YES;
				CLANG_WARN_RANGE_LOOP_ANALYSIS = YES;
				CLANG_WARN_STRICT_PROTOTYPES = YES;
				CLANG_WARN_SUSPICIOUS_MOVE = YES;
				CLANG_WARN_UNGUARDED_AVAILABILITY = YES_AGGRESSIVE;
				CLANG_WARN_UNREACHABLE_CODE = YES;
				CLANG_WARN__DUPLICATE_METHOD_MATCH = YES;
				COPY_PHASE_STRIP = NO;
				DEBUG_INFORMATION_FORMAT = "dwarf-with-dsym";
				ENABLE_NS_ASSERTIONS = NO;
				ENABLE_STRICT_OBJC_MSGSEND = YES;
				GCC_C_LANGUAGE_STANDARD = gnu11;
				GCC_NO_COMMON_BLOCKS = YES;
				GCC_WARN_64_TO_32_BIT_CONVERSION = YES;
				GCC_WARN_ABOUT_RETURN_TYPE = YES_ERROR;
				GCC_WARN_UNDECLARED_SELECTOR = YES;
				GCC_WARN_UNINITIALIZED_AUTOS = YES_AGGRESSIVE;
				GCC_WARN_UNUSED_FUNCTION = YES;
				GCC_WARN_UNUSED_VARIABLE = YES;
				IPHONEOS_DEPLOYMENT_TARGET = 15.5;
				MTL_ENABLE_DEBUG_INFO = NO;
				MTL_FAST_MATH = YES;
				SDKROOT = iphoneos;
				SWIFT_COMPILATION_MODE = wholemodule;
				SWIFT_OPTIMIZATION_LEVEL = "-O";
				VALIDATE_PRODUCT = YES;
			};
			name = Release;
		};
		CFC5717828A25B28004A3958 /* Debug */ = {
			isa = XCBuildConfiguration;
			buildSettings = {
				ASSETCATALOG_COMPILER_APPICON_NAME = AppIcon;
				ASSETCATALOG_COMPILER_GLOBAL_ACCENT_COLOR_NAME = AccentColor;
				CODE_SIGN_STYLE = Automatic;
				CURRENT_PROJECT_VERSION = 1;
				GENERATE_INFOPLIST_FILE = YES;
				INFOPLIST_FILE = BoosterTestTask/Info.plist;
				INFOPLIST_KEY_UIApplicationSupportsIndirectInputEvents = YES;
				INFOPLIST_KEY_UILaunchStoryboardName = LaunchScreen;
				INFOPLIST_KEY_UIMainStoryboardFile = Main;
				INFOPLIST_KEY_UISupportedInterfaceOrientations_iPad = "UIInterfaceOrientationPortrait UIInterfaceOrientationPortraitUpsideDown UIInterfaceOrientationLandscapeLeft UIInterfaceOrientationLandscapeRight";
				INFOPLIST_KEY_UISupportedInterfaceOrientations_iPhone = "UIInterfaceOrientationPortrait UIInterfaceOrientationLandscapeLeft UIInterfaceOrientationLandscapeRight";
				LD_RUNPATH_SEARCH_PATHS = (
					"$(inherited)",
					"@executable_path/Frameworks",
				);
				MARKETING_VERSION = 1.0;
				PRODUCT_BUNDLE_IDENTIFIER = com.shabalin.BoosterTestTask;
				PRODUCT_NAME = "$(TARGET_NAME)";
				SWIFT_EMIT_LOC_STRINGS = YES;
				SWIFT_VERSION = 5.0;
				TARGETED_DEVICE_FAMILY = "1,2";
			};
			name = Debug;
		};
		CFC5717928A25B28004A3958 /* Release */ = {
			isa = XCBuildConfiguration;
			buildSettings = {
				ASSETCATALOG_COMPILER_APPICON_NAME = AppIcon;
				ASSETCATALOG_COMPILER_GLOBAL_ACCENT_COLOR_NAME = AccentColor;
				CODE_SIGN_STYLE = Automatic;
				CURRENT_PROJECT_VERSION = 1;
				GENERATE_INFOPLIST_FILE = YES;
				INFOPLIST_FILE = BoosterTestTask/Info.plist;
				INFOPLIST_KEY_UIApplicationSupportsIndirectInputEvents = YES;
				INFOPLIST_KEY_UILaunchStoryboardName = LaunchScreen;
				INFOPLIST_KEY_UIMainStoryboardFile = Main;
				INFOPLIST_KEY_UISupportedInterfaceOrientations_iPad = "UIInterfaceOrientationPortrait UIInterfaceOrientationPortraitUpsideDown UIInterfaceOrientationLandscapeLeft UIInterfaceOrientationLandscapeRight";
				INFOPLIST_KEY_UISupportedInterfaceOrientations_iPhone = "UIInterfaceOrientationPortrait UIInterfaceOrientationLandscapeLeft UIInterfaceOrientationLandscapeRight";
				LD_RUNPATH_SEARCH_PATHS = (
					"$(inherited)",
					"@executable_path/Frameworks",
				);
				MARKETING_VERSION = 1.0;
				PRODUCT_BUNDLE_IDENTIFIER = com.shabalin.BoosterTestTask;
				PRODUCT_NAME = "$(TARGET_NAME)";
				SWIFT_EMIT_LOC_STRINGS = YES;
				SWIFT_VERSION = 5.0;
				TARGETED_DEVICE_FAMILY = "1,2";
			};
			name = Release;
		};
/* End XCBuildConfiguration section */

/* Begin XCConfigurationList section */
		CFC5715E28A25B26004A3958 /* Build configuration list for PBXProject "BoosterTestTask" */ = {
			isa = XCConfigurationList;
			buildConfigurations = (
				CFC5717528A25B28004A3958 /* Debug */,
				CFC5717628A25B28004A3958 /* Release */,
			);
			defaultConfigurationIsVisible = 0;
			defaultConfigurationName = Release;
		};
		CFC5717728A25B28004A3958 /* Build configuration list for PBXNativeTarget "BoosterTestTask" */ = {
			isa = XCConfigurationList;
			buildConfigurations = (
				CFC5717828A25B28004A3958 /* Debug */,
				CFC5717928A25B28004A3958 /* Release */,
			);
			defaultConfigurationIsVisible = 0;
			defaultConfigurationName = Release;
		};
/* End XCConfigurationList section */
	};
	rootObject = CFC5715B28A25B26004A3958 /* Project object */;
}
